
Microsoft Visual Studio Solution File, Format Version 12.00
# Visual Studio Version 16
VisualStudioVersion = 16.0.29102.190
MinimumVisualStudioVersion = 10.0.40219.1
Project("{9A19103F-16F7-4668-BE54-9A1E7A4F7556}") = "GrpcServer", "GrpcServer\GrpcServer.csproj", "{4A3CBB98-9662-46D9-A95C-6AB5301B43EC}"
EndProject
Project("{9A19103F-16F7-4668-BE54-9A1E7A4F7556}") = "GrpcClient", "GrpcClient\GrpcClient.csproj", "{C537E744-4EA9-487D-8BFE-07CD10FF2EE7}"
EndProject
Project("{2150E333-8FDC-42A3-9474-1A3956D46DE8}") = "RemoteCallable", "RemoteCallable", "{CD8FCE05-759B-4F4C-9708-321E8AFA9575}"
EndProject
Project("{9A19103F-16F7-4668-BE54-9A1E7A4F7556}") = "RemoteInterfaces", "RemoteCallable\RemoteInterfaces\RemoteInterfaces.csproj", "{F886BBFF-8B29-4B3F-9F29-7D58E6D9BF2A}"
EndProject
Project("{9A19103F-16F7-4668-BE54-9A1E7A4F7556}") = "RemoteImplementations", "RemoteCallable\RemoteImplementations\RemoteImplementations.csproj", "{2D68B81E-5434-47DC-A163-346B2E20D108}"
EndProject
Project("{2150E333-8FDC-42A3-9474-1A3956D46DE8}") = "Infrastructure", "Infrastructure", "{E19F617E-A534-43F4-AEE3-7C25EE8D04EC}"
EndProject
Project("{9A19103F-16F7-4668-BE54-9A1E7A4F7556}") = "GrpcHelperLib", "Infrastructure\GrpcHelperLib\GrpcHelperLib.csproj", "{717A3C3B-23EA-4581-94BC-F84553A6E19C}"
EndProject
Global
	GlobalSection(SolutionConfigurationPlatforms) = preSolution
		Debug|Any CPU = Debug|Any CPU
		Release|Any CPU = Release|Any CPU
	EndGlobalSection
	GlobalSection(ProjectConfigurationPlatforms) = postSolution
		{4A3CBB98-9662-46D9-A95C-6AB5301B43EC}.Debug|Any CPU.ActiveCfg = Debug|Any CPU
		{4A3CBB98-9662-46D9-A95C-6AB5301B43EC}.Debug|Any CPU.Build.0 = Debug|Any CPU
		{4A3CBB98-9662-46D9-A95C-6AB5301B43EC}.Release|Any CPU.ActiveCfg = Release|Any CPU
		{4A3CBB98-9662-46D9-A95C-6AB5301B43EC}.Release|Any CPU.Build.0 = Release|Any CPU
		{C537E744-4EA9-487D-8BFE-07CD10FF2EE7}.Debug|Any CPU.ActiveCfg = Debug|Any CPU
		{C537E744-4EA9-487D-8BFE-07CD10FF2EE7}.Debug|Any CPU.Build.0 = Debug|Any CPU
		{C537E744-4EA9-487D-8BFE-07CD10FF2EE7}.Release|Any CPU.ActiveCfg = Release|Any CPU
		{C537E744-4EA9-487D-8BFE-07CD10FF2EE7}.Release|Any CPU.Build.0 = Release|Any CPU
		{F886BBFF-8B29-4B3F-9F29-7D58E6D9BF2A}.Debug|Any CPU.ActiveCfg = Debug|Any CPU
		{F886BBFF-8B29-4B3F-9F29-7D58E6D9BF2A}.Debug|Any CPU.Build.0 = Debug|Any CPU
		{F886BBFF-8B29-4B3F-9F29-7D58E6D9BF2A}.Release|Any CPU.ActiveCfg = Release|Any CPU
		{F886BBFF-8B29-4B3F-9F29-7D58E6D9BF2A}.Release|Any CPU.Build.0 = Release|Any CPU
		{2D68B81E-5434-47DC-A163-346B2E20D108}.Debug|Any CPU.ActiveCfg = Debug|Any CPU
		{2D68B81E-5434-47DC-A163-346B2E20D108}.Debug|Any CPU.Build.0 = Debug|Any CPU
		{2D68B81E-5434-47DC-A163-346B2E20D108}.Release|Any CPU.ActiveCfg = Release|Any CPU
		{2D68B81E-5434-47DC-A163-346B2E20D108}.Release|Any CPU.Build.0 = Release|Any CPU
		{717A3C3B-23EA-4581-94BC-F84553A6E19C}.Debug|Any CPU.ActiveCfg = Debug|Any CPU
		{717A3C3B-23EA-4581-94BC-F84553A6E19C}.Debug|Any CPU.Build.0 = Debug|Any CPU
		{717A3C3B-23EA-4581-94BC-F84553A6E19C}.Release|Any CPU.ActiveCfg = Release|Any CPU
		{717A3C3B-23EA-4581-94BC-F84553A6E19C}.Release|Any CPU.Build.0 = Release|Any CPU
	EndGlobalSection
	GlobalSection(SolutionProperties) = preSolution
		HideSolutionNode = FALSE
	EndGlobalSection
	GlobalSection(NestedProjects) = preSolution
		{F886BBFF-8B29-4B3F-9F29-7D58E6D9BF2A} = {CD8FCE05-759B-4F4C-9708-321E8AFA9575}
		{2D68B81E-5434-47DC-A163-346B2E20D108} = {CD8FCE05-759B-4F4C-9708-321E8AFA9575}
		{717A3C3B-23EA-4581-94BC-F84553A6E19C} = {E19F617E-A534-43F4-AEE3-7C25EE8D04EC}
	EndGlobalSection
	GlobalSection(ExtensibilityGlobals) = postSolution
		SolutionGuid = {08E9AC60-C2DF-40D6-9693-D1DA631036E9}
	EndGlobalSection
EndGlobal
